# This file is automatically @generated by Poetry 1.5.1 and should not be changed by hand.

[[package]]
name = "multimethod"
version = "1.9.1"
description = "Multiple argument dispatching."
optional = false
python-versions = ">=3.7"
files = [
    {file = "multimethod-1.9.1-py3-none-any.whl", hash = "sha256:52f8f1f2b9d5a4c7adfdcc114dbeeebe3245a4420801e8807e26522a79fb6bc2"},
    {file = "multimethod-1.9.1.tar.gz", hash = "sha256:1589bf52ca294667fd15527ea830127c763f5bfc38562e3642591ffd0fd9d56f"},
]

[metadata]
lock-version = "2.0"
python-versions = "^3.9"
content-hash = "14cf7202f29c0388cdfd470200ab9ed155abaf97ca6facdda671c404fc3ecdef"
